
Microsoft Visual Studio Solution File, Format Version 12.00
# Visual Studio Version 16
VisualStudioVersion = 16.0.30204.135
MinimumVisualStudioVersion = 10.0.40219.1
Project("{FAE04EC0-301F-11D3-BF4B-00C04F79EFBC}") = "csNEA", "testForm\csNEA.csproj", "{AD5C8D0D-6186-4494-9D3E-79E048D691C5}"
EndProject
Project("{54435603-DBB4-11D2-8724-00A0C9A8B90C}") = "DesktopSetup", "DesktopSetup\DesktopSetup.vdproj", "{A0029898-339F-46D5-8D42-5A1D2895E5D6}"
EndProject
Global
	GlobalSection(SolutionConfigurationPlatforms) = preSolution
		Debug|Any CPU = Debug|Any CPU
		Release|Any CPU = Release|Any CPU
	EndGlobalSection
	GlobalSection(ProjectConfigurationPlatforms) = postSolution
		{AD5C8D0D-6186-4494-9D3E-79E048D691C5}.Debug|Any CPU.ActiveCfg = Debug|Any CPU
		{AD5C8D0D-6186-4494-9D3E-79E048D691C5}.Debug|Any CPU.Build.0 = Debug|Any CPU
		{AD5C8D0D-6186-4494-9D3E-79E048D691C5}.Release|Any CPU.ActiveCfg = Release|Any CPU
		{AD5C8D0D-6186-4494-9D3E-79E048D691C5}.Release|Any CPU.Build.0 = Release|Any CPU
		{A0029898-339F-46D5-8D42-5A1D2895E5D6}.Debug|Any CPU.ActiveCfg = Debug
		{A0029898-339F-46D5-8D42-5A1D2895E5D6}.Release|Any CPU.ActiveCfg = Release
	EndGlobalSection
	GlobalSection(SolutionProperties) = preSolution
		HideSolutionNode = FALSE
	EndGlobalSection
	GlobalSection(ExtensibilityGlobals) = postSolution
		SolutionGuid = {EA96749D-0BFC-4C81-B73E-60F169409AEB}
	EndGlobalSection
EndGlobal
